
Microsoft Visual Studio Solution File, Format Version 12.00
# Visual Studio Version 17
VisualStudioVersion = 17.0.32002.185
MinimumVisualStudioVersion = 10.0.40219.1
Project("{FAE04EC0-301F-11D3-BF4B-00C04F79EFBC}") = "Dbproject", "Dbproject\Dbproject.csproj", "{7649CCAC-B236-41B7-848D-EA4FC0C05403}"
EndProject
Global
	GlobalSection(SolutionConfigurationPlatforms) = preSolution
		Debug|Any CPU = Debug|Any CPU
		Release|Any CPU = Release|Any CPU
	EndGlobalSection
	GlobalSection(ProjectConfigurationPlatforms) = postSolution
		{7649CCAC-B236-41B7-848D-EA4FC0C05403}.Debug|Any CPU.ActiveCfg = Debug|Any CPU
		{7649CCAC-B236-41B7-848D-EA4FC0C05403}.Debug|Any CPU.Build.0 = Debug|Any CPU
		{7649CCAC-B236-41B7-848D-EA4FC0C05403}.Release|Any CPU.ActiveCfg = Release|Any CPU
		{7649CCAC-B236-41B7-848D-EA4FC0C05403}.Release|Any CPU.Build.0 = Release|Any CPU
	EndGlobalSection
	GlobalSection(SolutionProperties) = preSolution
		HideSolutionNode = FALSE
	EndGlobalSection
	GlobalSection(ExtensibilityGlobals) = postSolution
		SolutionGuid = {E642A9F2-2590-4E3C-8AC6-24A7E691A492}
	EndGlobalSection
EndGlobal
