
Microsoft Visual Studio Solution File, Format Version 12.00
# Visual Studio Version 17
VisualStudioVersion = 17.0.32126.317
MinimumVisualStudioVersion = 10.0.40219.1
Project("{8BC9CEB8-8B4A-11D0-8D11-00A0C91BC942}") = "Project1", "Project1.vcxproj", "{64E54805-3191-45F8-B002-C32D63BC0AF3}"
EndProject
Global
	GlobalSection(SolutionConfigurationPlatforms) = preSolution
		Debug|x64 = Debug|x64
		Debug|x86 = Debug|x86
		Release|x64 = Release|x64
		Release|x86 = Release|x86
	EndGlobalSection
	GlobalSection(ProjectConfigurationPlatforms) = postSolution
		{64E54805-3191-45F8-B002-C32D63BC0AF3}.Debug|x64.ActiveCfg = Debug|x64
		{64E54805-3191-45F8-B002-C32D63BC0AF3}.Debug|x64.Build.0 = Debug|x64
		{64E54805-3191-45F8-B002-C32D63BC0AF3}.Debug|x86.ActiveCfg = Debug|Win32
		{64E54805-3191-45F8-B002-C32D63BC0AF3}.Debug|x86.Build.0 = Debug|Win32
		{64E54805-3191-45F8-B002-C32D63BC0AF3}.Release|x64.ActiveCfg = Release|x64
		{64E54805-3191-45F8-B002-C32D63BC0AF3}.Release|x64.Build.0 = Release|x64
		{64E54805-3191-45F8-B002-C32D63BC0AF3}.Release|x86.ActiveCfg = Release|Win32
		{64E54805-3191-45F8-B002-C32D63BC0AF3}.Release|x86.Build.0 = Release|Win32
	EndGlobalSection
	GlobalSection(SolutionProperties) = preSolution
		HideSolutionNode = FALSE
	EndGlobalSection
	GlobalSection(ExtensibilityGlobals) = postSolution
		SolutionGuid = {E572CBA8-09CC-4D92-98EA-61504B97D528}
	EndGlobalSection
EndGlobal
